
Microsoft Visual Studio Solution File, Format Version 12.00
# Visual Studio Version 17
VisualStudioVersion = 17.12.35417.141
MinimumVisualStudioVersion = 10.0.40219.1
Project("{FAE04EC0-301F-11D3-BF4B-00C04F79EFBC}") = "JitMagic", "JitMagic\JitMagic.csproj", "{63A0047E-64E8-4620-BB50-AE1CA17B3975}"
EndProject
Global
	GlobalSection(SolutionConfigurationPlatforms) = preSolution
		Debug|x64 = Debug|x64
		Release|x64 = Release|x64
	EndGlobalSection
	GlobalSection(ProjectConfigurationPlatforms) = postSolution
		{63A0047E-64E8-4620-BB50-AE1CA17B3975}.Debug|x64.ActiveCfg = Debug|x64
		{63A0047E-64E8-4620-BB50-AE1CA17B3975}.Debug|x64.Build.0 = Debug|x64
		{63A0047E-64E8-4620-BB50-AE1CA17B3975}.Release|x64.ActiveCfg = Release|x64
	EndGlobalSection
	GlobalSection(SolutionProperties) = preSolution
		HideSolutionNode = FALSE
	EndGlobalSection
	GlobalSection(ExtensibilityGlobals) = postSolution
		SolutionGuid = {D959A076-86C3-4F29-BF66-6ECD4D611E2D}
	EndGlobalSection
EndGlobal
