
Microsoft Visual Studio Solution File, Format Version 12.00
# Visual Studio Version 17
VisualStudioVersion = 17.11.35125.118
MinimumVisualStudioVersion = 10.0.40219.1
Project("{9A19103F-16F7-4668-BE54-9A1E7A4F7556}") = "JitMagic", "JitMagic\JitMagic.csproj", "{5FB5914D-E98B-46A5-A8FE-2B3294CE65EF}"
EndProject
Global
	GlobalSection(SolutionConfigurationPlatforms) = preSolution
		Debug|x64 = Debug|x64
		Release|x64 = Release|x64
	EndGlobalSection
	GlobalSection(ProjectConfigurationPlatforms) = postSolution
		{5FB5914D-E98B-46A5-A8FE-2B3294CE65EF}.Debug|x64.ActiveCfg = Debug|x64
		{5FB5914D-E98B-46A5-A8FE-2B3294CE65EF}.Debug|x64.Build.0 = Debug|x64
		{5FB5914D-E98B-46A5-A8FE-2B3294CE65EF}.Release|x64.ActiveCfg = Release|x64
		{5FB5914D-E98B-46A5-A8FE-2B3294CE65EF}.Release|x64.Build.0 = Release|x64
	EndGlobalSection
	GlobalSection(SolutionProperties) = preSolution
		HideSolutionNode = FALSE
	EndGlobalSection
	GlobalSection(ExtensibilityGlobals) = postSolution
		SolutionGuid = {B764A2FB-48BD-4791-8E8A-F69DC5D718AE}
	EndGlobalSection
EndGlobal
